
Microsoft Visual Studio Solution File, Format Version 12.00
# Visual Studio Version 16
VisualStudioVersion = 16.0.29728.190
MinimumVisualStudioVersion = 10.0.40219.1
Project("{FAE04EC0-301F-11D3-BF4B-00C04F79EFBC}") = "Events", "Events.csproj", "{A04F4894-AB17-4564-BE28-405834F701DB}"
EndProject
Global
	GlobalSection(SolutionConfigurationPlatforms) = preSolution
		Debug|Any CPU = Debug|Any CPU
		Release|Any CPU = Release|Any CPU
	EndGlobalSection
	GlobalSection(ProjectConfigurationPlatforms) = postSolution
		{A04F4894-AB17-4564-BE28-405834F701DB}.Debug|Any CPU.ActiveCfg = Debug|Any CPU
		{A04F4894-AB17-4564-BE28-405834F701DB}.Debug|Any CPU.Build.0 = Debug|Any CPU
		{A04F4894-AB17-4564-BE28-405834F701DB}.Release|Any CPU.ActiveCfg = Release|Any CPU
		{A04F4894-AB17-4564-BE28-405834F701DB}.Release|Any CPU.Build.0 = Release|Any CPU
	EndGlobalSection
	GlobalSection(SolutionProperties) = preSolution
		HideSolutionNode = FALSE
	EndGlobalSection
	GlobalSection(ExtensibilityGlobals) = postSolution
		SolutionGuid = {99ABA142-FA66-4AA0-9784-7F2D6BFE41E7}
	EndGlobalSection
EndGlobal
